// !$*UTF8*$!
{
	archiveVersion = 1;
	classes = {
	};
	objectVersion = 46;
	objects = {

/* Begin PBXBuildFile section */
		1E22B46619C15CA900F6AC3E /* loginSuccessViewController.m in Sources */ = {isa = PBXBuildFile; fileRef = 1E22B46519C15CA900F6AC3E /* loginSuccessViewController.m */; };
		1E91FE0119C03B3300780B2F /* Foundation.framework in Frameworks */ = {isa = PBXBuildFile; fileRef = 1E91FE0019C03B3300780B2F /* Foundation.framework */; };
		1E91FE0319C03B3300780B2F /* CoreGraphics.framework in Frameworks */ = {isa = PBXBuildFile; fileRef = 1E91FE0219C03B3300780B2F /* CoreGraphics.framework */; };
		1E91FE0519C03B3300780B2F /* UIKit.framework in Frameworks */ = {isa = PBXBuildFile; fileRef = 1E91FE0419C03B3300780B2F /* UIKit.framework */; };
		1E91FE0B19C03B3300780B2F /* InfoPlist.strings in Resources */ = {isa = PBXBuildFile; fileRef = 1E91FE0919C03B3300780B2F /* InfoPlist.strings */; };
		1E91FE0D19C03B3300780B2F /* main.m in Sources */ = {isa = PBXBuildFile; fileRef = 1E91FE0C19C03B3300780B2F /* main.m */; };
		1E91FE1119C03B3300780B2F /* rabAppDelegate.m in Sources */ = {isa = PBXBuildFile; fileRef = 1E91FE1019C03B3300780B2F /* rabAppDelegate.m */; };
		1E91FE1419C03B3300780B2F /* Main.storyboard in Resources */ = {isa = PBXBuildFile; fileRef = 1E91FE1219C03B3300780B2F /* Main.storyboard */; };
		1E91FE1719C03B3300780B2F /* rabViewController.m in Sources */ = {isa = PBXBuildFile; fileRef = 1E91FE1619C03B3300780B2F /* rabViewController.m */; };
		1E91FE1919C03B3300780B2F /* Images.xcassets in Resources */ = {isa = PBXBuildFile; fileRef = 1E91FE1819C03B3300780B2F /* Images.xcassets */; };
		1E91FE2019C03B3300780B2F /* XCTest.framework in Frameworks */ = {isa = PBXBuildFile; fileRef = 1E91FE1F19C03B3300780B2F /* XCTest.framework */; };
		1E91FE2119C03B3300780B2F /* Foundation.framework in Frameworks */ = {isa = PBXBuildFile; fileRef = 1E91FE0019C03B3300780B2F /* Foundation.framework */; };
		1E91FE2219C03B3400780B2F /* UIKit.framework in Frameworks */ = {isa = PBXBuildFile; fileRef = 1E91FE0419C03B3300780B2F /* UIKit.framework */; };
		1E91FE2A19C03B3400780B2F /* InfoPlist.strings in Resources */ = {isa = PBXBuildFile; fileRef = 1E91FE2819C03B3400780B2F /* InfoPlist.strings */; };
		1E91FE2C19C03B3400780B2F /* Login_LogoutTests.m in Sources */ = {isa = PBXBuildFile; fileRef = 1E91FE2B19C03B3400780B2F /* Login_LogoutTests.m */; };
		1E9A13E119C991C7001341B4 /* regViewController.m in Sources */ = {isa = PBXBuildFile; fileRef = 1E9A13E019C991C7001341B4 /* regViewController.m */; };
/* End PBXBuildFile section */

/* Begin PBXContainerItemProxy section */
		1E91FE2319C03B3400780B2F /* PBXContainerItemProxy */ = {
			isa = PBXContainerItemProxy;
			containerPortal = 1E91FDF519C03B3300780B2F /* Project object */;
			proxyType = 1;
			remoteGlobalIDString = 1E91FDFC19C03B3300780B2F;
			remoteInfo = "Login&Logout";
		};
/* End PBXContainerItemProxy section */

/* Begin PBXFileReference section */
		1E22B46419C15CA900F6AC3E /* loginSuccessViewController.h */ = {isa = PBXFileReference; fileEncoding = 4; lastKnownFileType = sourcecode.c.h; path = loginSuccessViewController.h; sourceTree = "<group>"; };
		1E22B46519C15CA900F6AC3E /* loginSuccessViewController.m */ = {isa = PBXFileReference; fileEncoding = 4; lastKnownFileType = sourcecode.c.objc; path = loginSuccessViewController.m; sourceTree = "<group>"; };
		1E91FDFD19C03B3300780B2F /* Login&Logout.app */ = {isa = PBXFileReference; explicitFileType = wrapper.application; includeInIndex = 0; path = "Login&Logout.app"; sourceTree = BUILT_PRODUCTS_DIR; };
		1E91FE0019C03B3300780B2F /* Foundation.framework */ = {isa = PBXFileReference; lastKnownFileType = wrapper.framework; name = Foundation.framework; path = System/Library/Frameworks/Foundation.framework; sourceTree = SDKROOT; };
		1E91FE0219C03B3300780B2F /* CoreGraphics.framework */ = {isa = PBXFileReference; lastKnownFileType = wrapper.framework; name = CoreGraphics.framework; path = System/Library/Frameworks/CoreGraphics.framework; sourceTree = SDKROOT; };
		1E91FE0419C03B3300780B2F /* UIKit.framework */ = {isa = PBXFileReference; lastKnownFileType = wrapper.framework; name = UIKit.framework; path = System/Library/Frameworks/UIKit.framework; sourceTree = SDKROOT; };
		1E91FE0819C03B3300780B2F /* Login&Logout-Info.plist */ = {isa = PBXFileReference; lastKnownFileType = text.plist.xml; path = "Login&Logout-Info.plist"; sourceTree = "<group>"; };
		1E91FE0A19C03B3300780B2F /* en */ = {isa = PBXFileReference; lastKnownFileType = text.plist.strings; name = en; path = en.lproj/InfoPlist.strings; sourceTree = "<group>"; };
		1E91FE0C19C03B3300780B2F /* main.m */ = {isa = PBXFileReference; lastKnownFileType = sourcecode.c.objc; path = main.m; sourceTree = "<group>"; };
		1E91FE0E19C03B3300780B2F /* Login&Logout-Prefix.pch */ = {isa = PBXFileReference; lastKnownFileType = sourcecode.c.h; path = "Login&Logout-Prefix.pch"; sourceTree = "<group>"; };
		1E91FE0F19C03B3300780B2F /* rabAppDelegate.h */ = {isa = PBXFileReference; lastKnownFileType = sourcecode.c.h; path = rabAppDelegate.h; sourceTree = "<group>"; };
		1E91FE1019C03B3300780B2F /* rabAppDelegate.m */ = {isa = PBXFileReference; lastKnownFileType = sourcecode.c.objc; path = rabAppDelegate.m; sourceTree = "<group>"; };
		1E91FE1319C03B3300780B2F /* Base */ = {isa = PBXFileReference; lastKnownFileType = file.storyboard; name = Base; path = Base.lproj/Main.storyboard; sourceTree = "<group>"; };
		1E91FE1519C03B3300780B2F /* rabViewController.h */ = {isa = PBXFileReference; lastKnownFileType = sourcecode.c.h; path = rabViewController.h; sourceTree = "<group>"; };
		1E91FE1619C03B3300780B2F /* rabViewController.m */ = {isa = PBXFileReference; lastKnownFileType = sourcecode.c.objc; path = rabViewController.m; sourceTree = "<group>"; };
		1E91FE1819C03B3300780B2F /* Images.xcassets */ = {isa = PBXFileReference; lastKnownFileType = folder.assetcatalog; path = Images.xcassets; sourceTree = "<group>"; };
		1E91FE1E19C03B3300780B2F /* Login&LogoutTests.xctest */ = {isa = PBXFileReference; explicitFileType = wrapper.cfbundle; includeInIndex = 0; path = "Login&LogoutTests.xctest"; sourceTree = BUILT_PRODUCTS_DIR; };
		1E91FE1F19C03B3300780B2F /* XCTest.framework */ = {isa = PBXFileReference; lastKnownFileType = wrapper.framework; name = XCTest.framework; path = Library/Frameworks/XCTest.framework; sourceTree = DEVELOPER_DIR; };
		1E91FE2719C03B3400780B2F /* Login&LogoutTests-Info.plist */ = {isa = PBXFileReference; lastKnownFileType = text.plist.xml; path = "Login&LogoutTests-Info.plist"; sourceTree = "<group>"; };
		1E91FE2919C03B3400780B2F /* en */ = {isa = PBXFileReference; lastKnownFileType = text.plist.strings; name = en; path = en.lproj/InfoPlist.strings; sourceTree = "<group>"; };
		1E91FE2B19C03B3400780B2F /* Login_LogoutTests.m */ = {isa = PBXFileReference; lastKnownFileType = sourcecode.c.objc; path = Login_LogoutTests.m; sourceTree = "<group>"; };
		1E9A13DF19C991C7001341B4 /* regViewController.h */ = {isa = PBXFileReference; fileEncoding = 4; lastKnownFileType = sourcecode.c.h; path = regViewController.h; sourceTree = "<group>"; };
		1E9A13E019C991C7001341B4 /* regViewController.m */ = {isa = PBXFileReference; fileEncoding = 4; lastKnownFileType = sourcecode.c.objc; path = regViewController.m; sourceTree = "<group>"; };
/* End PBXFileReference section */

/* Begin PBXFrameworksBuildPhase section */
		1E91FDFA19C03B3300780B2F /* Frameworks */ = {
			isa = PBXFrameworksBuildPhase;
			buildActionMask = 2147483647;
			files = (
				1E91FE0319C03B3300780B2F /* CoreGraphics.framework in Frameworks */,
				1E91FE0519C03B3300780B2F /* UIKit.framework in Frameworks */,
				1E91FE0119C03B3300780B2F /* Foundation.framework in Frameworks */,
			);
			runOnlyForDeploymentPostprocessing = 0;
		};
		1E91FE1B19C03B3300780B2F /* Frameworks */ = {
			isa = PBXFrameworksBuildPhase;
			buildActionMask = 2147483647;
			files = (
				1E91FE2019C03B3300780B2F /* XCTest.framework in Frameworks */,
				1E91FE2219C03B3400780B2F /* UIKit.framework in Frameworks */,
				1E91FE2119C03B3300780B2F /* Foundation.framework in Frameworks */,
			);
			runOnlyForDeploymentPostprocessing = 0;
		};
/* End PBXFrameworksBuildPhase section */

/* Begin PBXGroup section */
		1E91FDF419C03B3300780B2F = {
			isa = PBXGroup;
			children = (
				1E91FE0619C03B3300780B2F /* Login&Logout */,
				1E91FE2519C03B3400780B2F /* Login&LogoutTests */,
				1E91FDFF19C03B3300780B2F /* Frameworks */,
				1E91FDFE19C03B3300780B2F /* Products */,
			);
			sourceTree = "<group>";
		};
		1E91FDFE19C03B3300780B2F /* Products */ = {
			isa = PBXGroup;
			children = (
				1E91FDFD19C03B3300780B2F /* Login&Logout.app */,
				1E91FE1E19C03B3300780B2F /* Login&LogoutTests.xctest */,
			);
			name = Products;
			sourceTree = "<group>";
		};
		1E91FDFF19C03B3300780B2F /* Frameworks */ = {
			isa = PBXGroup;
			children = (
				1E91FE0019C03B3300780B2F /* Foundation.framework */,
				1E91FE0219C03B3300780B2F /* CoreGraphics.framework */,
				1E91FE0419C03B3300780B2F /* UIKit.framework */,
				1E91FE1F19C03B3300780B2F /* XCTest.framework */,
			);
			name = Frameworks;
			sourceTree = "<group>";
		};
		1E91FE0619C03B3300780B2F /* Login&Logout */ = {
			isa = PBXGroup;
			children = (
				1E9A13DF19C991C7001341B4 /* regViewController.h */,
				1E9A13E019C991C7001341B4 /* regViewController.m */,
				1E91FE0F19C03B3300780B2F /* rabAppDelegate.h */,
				1E91FE1019C03B3300780B2F /* rabAppDelegate.m */,
				1E91FE1219C03B3300780B2F /* Main.storyboard */,
				1E91FE1519C03B3300780B2F /* rabViewController.h */,
				1E91FE1619C03B3300780B2F /* rabViewController.m */,
				1E91FE1819C03B3300780B2F /* Images.xcassets */,
				1E22B46419C15CA900F6AC3E /* loginSuccessViewController.h */,
				1E22B46519C15CA900F6AC3E /* loginSuccessViewController.m */,
				1E91FE0719C03B3300780B2F /* Supporting Files */,
			);
			path = "Login&Logout";
			sourceTree = "<group>";
		};
		1E91FE0719C03B3300780B2F /* Supporting Files */ = {
			isa = PBXGroup;
			children = (
				1E91FE0819C03B3300780B2F /* Login&Logout-Info.plist */,
				1E91FE0919C03B3300780B2F /* InfoPlist.strings */,
				1E91FE0C19C03B3300780B2F /* main.m */,
				1E91FE0E19C03B3300780B2F /* Login&Logout-Prefix.pch */,
			);
			name = "Supporting Files";
			sourceTree = "<group>";
		};
		1E91FE2519C03B3400780B2F /* Login&LogoutTests */ = {
			isa = PBXGroup;
			children = (
				1E91FE2B19C03B3400780B2F /* Login_LogoutTests.m */,
				1E91FE2619C03B3400780B2F /* Supporting Files */,
			);
			path = "Login&LogoutTests";
			sourceTree = "<group>";
		};
		1E91FE2619C03B3400780B2F /* Supporting Files */ = {
			isa = PBXGroup;
			children = (
				1E91FE2719C03B3400780B2F /* Login&LogoutTests-Info.plist */,
				1E91FE2819C03B3400780B2F /* InfoPlist.strings */,
			);
			name = "Supporting Files";
			sourceTree = "<group>";
		};
/* End PBXGroup section */

/* Begin PBXNativeTarget section */
		1E91FDFC19C03B3300780B2F /* Login&Logout */ = {
			isa = PBXNativeTarget;
			buildConfigurationList = 1E91FE2F19C03B3400780B2F /* Build configuration list for PBXNativeTarget "Login&Logout" */;
			buildPhases = (
				1E91FDF919C03B3300780B2F /* Sources */,
				1E91FDFA19C03B3300780B2F /* Frameworks */,
				1E91FDFB19C03B3300780B2F /* Resources */,
			);
			buildRules = (
			);
			dependencies = (
			);
			name = "Login&Logout";
			productName = "Login&Logout";
			productReference = 1E91FDFD19C03B3300780B2F /* Login&Logout.app */;
			productType = "com.apple.product-type.application";
		};
		1E91FE1D19C03B3300780B2F /* Login&LogoutTests */ = {
			isa = PBXNativeTarget;
			buildConfigurationList = 1E91FE3219C03B3400780B2F /* Build configuration list for PBXNativeTarget "Login&LogoutTests" */;
			buildPhases = (
				1E91FE1A19C03B3300780B2F /* Sources */,
				1E91FE1B19C03B3300780B2F /* Frameworks */,
				1E91FE1C19C03B3300780B2F /* Resources */,
			);
			buildRules = (
			);
			dependencies = (
				1E91FE2419C03B3400780B2F /* PBXTargetDependency */,
			);
			name = "Login&LogoutTests";
			productName = "Login&LogoutTests";
			productReference = 1E91FE1E19C03B3300780B2F /* Login&LogoutTests.xctest */;
			productType = "com.apple.product-type.bundle.unit-test";
		};
/* End PBXNativeTarget section */

/* Begin PBXProject section */
		1E91FDF519C03B3300780B2F /* Project object */ = {
			isa = PBXProject;
			attributes = {
				CLASSPREFIX = rab;
				LastUpgradeCheck = 0510;
				ORGANIZATIONNAME = Rabeanco;
				TargetAttributes = {
					1E91FE1D19C03B3300780B2F = {
						TestTargetID = 1E91FDFC19C03B3300780B2F;
					};
				};
			};
			buildConfigurationList = 1E91FDF819C03B3300780B2F /* Build configuration list for PBXProject "Login&Logout" */;
			compatibilityVersion = "Xcode 3.2";
			developmentRegion = English;
			hasScannedForEncodings = 0;
			knownRegions = (
				en,
				Base,
			);
			mainGroup = 1E91FDF419C03B3300780B2F;
			productRefGroup = 1E91FDFE19C03B3300780B2F /* Products */;
			projectDirPath = "";
			projectRoot = "";
			targets = (
				1E91FDFC19C03B3300780B2F /* Login&Logout */,
				1E91FE1D19C03B3300780B2F /* Login&LogoutTests */,
			);
		};
/* End PBXProject section */

/* Begin PBXResourcesBuildPhase section */
		1E91FDFB19C03B3300780B2F /* Resources */ = {
			isa = PBXResourcesBuildPhase;
			buildActionMask = 2147483647;
			files = (
				1E91FE1919C03B3300780B2F /* Images.xcassets in Resources */,
				1E91FE0B19C03B3300780B2F /* InfoPlist.strings in Resources */,
				1E91FE1419C03B3300780B2F /* Main.storyboard in Resources */,
			);
			runOnlyForDeploymentPostprocessing = 0;
		};
		1E91FE1C19C03B3300780B2F /* Resources */ = {
			isa = PBXResourcesBuildPhase;
			buildActionMask = 2147483647;
			files = (
				1E91FE2A19C03B3400780B2F /* InfoPlist.strings in Resources */,
			);
			runOnlyForDeploymentPostprocessing = 0;
		};
/* End PBXResourcesBuildPhase section */

/* Begin PBXSourcesBuildPhase section */
		1E91FDF919C03B3300780B2F /* Sources */ = {
			isa = PBXSourcesBuildPhase;
			buildActionMask = 2147483647;
			files = (
				1E22B46619C15CA900F6AC3E /* loginSuccessViewController.m in Sources */,
				1E91FE1119C03B3300780B2F /* rabAppDelegate.m in Sources */,
				1E91FE0D19C03B3300780B2F /* main.m in Sources */,
				1E9A13E119C991C7001341B4 /* regViewController.m in Sources */,
				1E91FE1719C03B3300780B2F /* rabViewController.m in Sources */,
			);
			runOnlyForDeploymentPostprocessing = 0;
		};
		1E91FE1A19C03B3300780B2F /* Sources */ = {
			isa = PBXSourcesBuildPhase;
			buildActionMask = 2147483647;
			files = (
				1E91FE2C19C03B3400780B2F /* Login_LogoutTests.m in Sources */,
			);
			runOnlyForDeploymentPostprocessing = 0;
		};
/* End PBXSourcesBuildPhase section */

/* Begin PBXTargetDependency section */
		1E91FE2419C03B3400780B2F /* PBXTargetDependency */ = {
			isa = PBXTargetDependency;
			target = 1E91FDFC19C03B3300780B2F /* Login&Logout */;
			targetProxy = 1E91FE2319C03B3400780B2F /* PBXContainerItemProxy */;
		};
/* End PBXTargetDependency section */

/* Begin PBXVariantGroup section */
		1E91FE0919C03B3300780B2F /* InfoPlist.strings */ = {
			isa = PBXVariantGroup;
			children = (
				1E91FE0A19C03B3300780B2F /* en */,
			);
			name = InfoPlist.strings;
			sourceTree = "<group>";
		};
		1E91FE1219C03B3300780B2F /* Main.storyboard */ = {
			isa = PBXVariantGroup;
			children = (
				1E91FE1319C03B3300780B2F /* Base */,
			);
			name = Main.storyboard;
			sourceTree = "<group>";
		};
		1E91FE2819C03B3400780B2F /* InfoPlist.strings */ = {
			isa = PBXVariantGroup;
			children = (
				1E91FE2919C03B3400780B2F /* en */,
			);
			name = InfoPlist.strings;
			sourceTree = "<group>";
		};
/* End PBXVariantGroup section */

/* Begin XCBuildConfiguration section */
		1E91FE2D19C03B3400780B2F /* Debug */ = {
			isa = XCBuildConfiguration;
			buildSettings = {
				ALWAYS_SEARCH_USER_PATHS = NO;
				CLANG_CXX_LANGUAGE_STANDARD = "gnu++0x";
				CLANG_CXX_LIBRARY = "libc++";
				CLANG_ENABLE_MODULES = YES;
				CLANG_ENABLE_OBJC_ARC = YES;
				CLANG_WARN_BOOL_CONVERSION = YES;
				CLANG_WARN_CONSTANT_CONVERSION = YES;
				CLANG_WARN_DIRECT_OBJC_ISA_USAGE = YES_ERROR;
				CLANG_WARN_EMPTY_BODY = YES;
				CLANG_WARN_ENUM_CONVERSION = YES;
				CLANG_WARN_INT_CONVERSION = YES;
				CLANG_WARN_OBJC_ROOT_CLASS = YES_ERROR;
				CLANG_WARN__DUPLICATE_METHOD_MATCH = YES;
				"CODE_SIGN_IDENTITY[sdk=iphoneos*]" = "iPhone Developer";
				COPY_PHASE_STRIP = NO;
				GCC_C_LANGUAGE_STANDARD = gnu99;
				GCC_DYNAMIC_NO_PIC = NO;
				GCC_OPTIMIZATION_LEVEL = 0;
				GCC_PREPROCESSOR_DEFINITIONS = (
					"DEBUG=1",
					"$(inherited)",
				);
				GCC_SYMBOLS_PRIVATE_EXTERN = NO;
				GCC_WARN_64_TO_32_BIT_CONVERSION = YES;
				GCC_WARN_ABOUT_RETURN_TYPE = YES_ERROR;
				GCC_WARN_UNDECLARED_SELECTOR = YES;
				GCC_WARN_UNINITIALIZED_AUTOS = YES_AGGRESSIVE;
				GCC_WARN_UNUSED_FUNCTION = YES;
				GCC_WARN_UNUSED_VARIABLE = YES;
				IPHONEOS_DEPLOYMENT_TARGET = 7.1;
				ONLY_ACTIVE_ARCH = YES;
				SDKROOT = iphoneos;
			};
			name = Debug;
		};
		1E91FE2E19C03B3400780B2F /* Release */ = {
			isa = XCBuildConfiguration;
			buildSettings = {
				ALWAYS_SEARCH_USER_PATHS = NO;
				CLANG_CXX_LANGUAGE_STANDARD = "gnu++0x";
				CLANG_CXX_LIBRARY = "libc++";
				CLANG_ENABLE_MODULES = YES;
				CLANG_ENABLE_OBJC_ARC = YES;
				CLANG_WARN_BOOL_CONVERSION = YES;
				CLANG_WARN_CONSTANT_CONVERSION = YES;
				CLANG_WARN_DIRECT_OBJC_ISA_USAGE = YES_ERROR;
				CLANG_WARN_EMPTY_BODY = YES;
				CLANG_WARN_ENUM_CONVERSION = YES;
				CLANG_WARN_INT_CONVERSION = YES;
				CLANG_WARN_OBJC_ROOT_CLASS = YES_ERROR;
				CLANG_WARN__DUPLICATE_METHOD_MATCH = YES;
				"CODE_SIGN_IDENTITY[sdk=iphoneos*]" = "iPhone Developer";
				COPY_PHASE_STRIP = YES;
				ENABLE_NS_ASSERTIONS = NO;
				GCC_C_LANGUAGE_STANDARD = gnu99;
				GCC_WARN_64_TO_32_BIT_CONVERSION = YES;
				GCC_WARN_ABOUT_RETURN_TYPE = YES_ERROR;
				GCC_WARN_UNDECLARED_SELECTOR = YES;
				GCC_WARN_UNINITIALIZED_AUTOS = YES_AGGRESSIVE;
				GCC_WARN_UNUSED_FUNCTION = YES;
				GCC_WARN_UNUSED_VARIABLE = YES;
				IPHONEOS_DEPLOYMENT_TARGET = 7.1;
				SDKROOT = iphoneos;
				VALIDATE_PRODUCT = YES;
			};
			name = Release;
		};
		1E91FE3019C03B3400780B2F /* Debug */ = {
			isa = XCBuildConfiguration;
			buildSettings = {
				ASSETCATALOG_COMPILER_APPICON_NAME = AppIcon;
				ASSETCATALOG_COMPILER_LAUNCHIMAGE_NAME = LaunchImage;
				GCC_PRECOMPILE_PREFIX_HEADER = YES;
				GCC_PREFIX_HEADER = "Login&Logout/Login&Logout-Prefix.pch";
				INFOPLIST_FILE = "Login&Logout/Login&Logout-Info.plist";
				PRODUCT_NAME = "$(TARGET_NAME)";
				WRAPPER_EXTENSION = app;
			};
			name = Debug;
		};
		1E91FE3119C03B3400780B2F /* Release */ = {
			isa = XCBuildConfiguration;
			buildSettings = {
				ASSETCATALOG_COMPILER_APPICON_NAME = AppIcon;
				ASSETCATALOG_COMPILER_LAUNCHIMAGE_NAME = LaunchImage;
				GCC_PRECOMPILE_PREFIX_HEADER = YES;
				GCC_PREFIX_HEADER = "Login&Logout/Login&Logout-Prefix.pch";
				INFOPLIST_FILE = "Login&Logout/Login&Logout-Info.plist";
				PRODUCT_NAME = "$(TARGET_NAME)";
				WRAPPER_EXTENSION = app;
			};
			name = Release;
		};
		1E91FE3319C03B3400780B2F /* Debug */ = {
			isa = XCBuildConfiguration;
			buildSettings = {
				BUNDLE_LOADER = "$(BUILT_PRODUCTS_DIR)/Login&Logout.app/Login&Logout";
				FRAMEWORK_SEARCH_PATHS = (
					"$(SDKROOT)/Developer/Library/Frameworks",
					"$(inherited)",
					"$(DEVELOPER_FRAMEWORKS_DIR)",
				);
				GCC_PRECOMPILE_PREFIX_HEADER = YES;
				GCC_PREFIX_HEADER = "Login&Logout/Login&Logout-Prefix.pch";
				GCC_PREPROCESSOR_DEFINITIONS = (
					"DEBUG=1",
					"$(inherited)",
				);
				INFOPLIST_FILE = "Login&LogoutTests/Login&LogoutTests-Info.plist";
				PRODUCT_NAME = "$(TARGET_NAME)";
				TEST_HOST = "$(BUNDLE_LOADER)";
				WRAPPER_EXTENSION = xctest;
			};
			name = Debug;
		};
		1E91FE3419C03B3400780B2F /* Release */ = {
			isa = XCBuildConfiguration;
			buildSettings = {
				BUNDLE_LOADER = "$(BUILT_PRODUCTS_DIR)/Login&Logout.app/Login&Logout";
				FRAMEWORK_SEARCH_PATHS = (
					"$(SDKROOT)/Developer/Library/Frameworks",
					"$(inherited)",
					"$(DEVELOPER_FRAMEWORKS_DIR)",
				);
				GCC_PRECOMPILE_PREFIX_HEADER = YES;
				GCC_PREFIX_HEADER = "Login&Logout/Login&Logout-Prefix.pch";
				INFOPLIST_FILE = "Login&LogoutTests/Login&LogoutTests-Info.plist";
				PRODUCT_NAME = "$(TARGET_NAME)";
				TEST_HOST = "$(BUNDLE_LOADER)";
				WRAPPER_EXTENSION = xctest;
			};
			name = Release;
		};
/* End XCBuildConfiguration section */

/* Begin XCConfigurationList section */
		1E91FDF819C03B3300780B2F /* Build configuration list for PBXProject "Login&Logout" */ = {
			isa = XCConfigurationList;
			buildConfigurations = (
				1E91FE2D19C03B3400780B2F /* Debug */,
				1E91FE2E19C03B3400780B2F /* Release */,
			);
			defaultConfigurationIsVisible = 0;
			defaultConfigurationName = Release;
		};
		1E91FE2F19C03B3400780B2F /* Build configuration list for PBXNativeTarget "Login&Logout" */ = {
			isa = XCConfigurationList;
			buildConfigurations = (
				1E91FE3019C03B3400780B2F /* Debug */,
				1E91FE3119C03B3400780B2F /* Release */,
			);
			defaultConfigurationIsVisible = 0;
			defaultConfigurationName = Release;
		};
		1E91FE3219C03B3400780B2F /* Build configuration list for PBXNativeTarget "Login&LogoutTests" */ = {
			isa = XCConfigurationList;
			buildConfigurations = (
				1E91FE3319C03B3400780B2F /* Debug */,
				1E91FE3419C03B3400780B2F /* Release */,
			);
			defaultConfigurationIsVisible = 0;
			defaultConfigurationName = Release;
		};
/* End XCConfigurationList section */
	};
	rootObject = 1E91FDF519C03B3300780B2F /* Project object */;
}
